
Microsoft Visual Studio Solution File, Format Version 12.00
# Visual Studio 15
VisualStudioVersion = 15.0.28010.2036
MinimumVisualStudioVersion = 10.0.40219.1
Project("{FAE04EC0-301F-11D3-BF4B-00C04F79EFBC}") = "IncorrectSyntaxNearTheKeywordAS", "IncorrectSyntaxNearTheKeywordAS\IncorrectSyntaxNearTheKeywordAS.csproj", "{31375EFC-C2BC-4614-9869-E880F9471D3F}"
EndProject
Global
	GlobalSection(SolutionConfigurationPlatforms) = preSolution
		Debug|Any CPU = Debug|Any CPU
		Release|Any CPU = Release|Any CPU
	EndGlobalSection
	GlobalSection(ProjectConfigurationPlatforms) = postSolution
		{31375EFC-C2BC-4614-9869-E880F9471D3F}.Debug|Any CPU.ActiveCfg = Debug|Any CPU
		{31375EFC-C2BC-4614-9869-E880F9471D3F}.Debug|Any CPU.Build.0 = Debug|Any CPU
		{31375EFC-C2BC-4614-9869-E880F9471D3F}.Release|Any CPU.ActiveCfg = Release|Any CPU
		{31375EFC-C2BC-4614-9869-E880F9471D3F}.Release|Any CPU.Build.0 = Release|Any CPU
	EndGlobalSection
	GlobalSection(SolutionProperties) = preSolution
		HideSolutionNode = FALSE
	EndGlobalSection
	GlobalSection(ExtensibilityGlobals) = postSolution
		SolutionGuid = {7FF26C39-0970-4981-A95A-F84FCF1F3028}
	EndGlobalSection
EndGlobal
